
Microsoft Visual Studio Solution File, Format Version 12.00
# Visual Studio Version 16
VisualStudioVersion = 16.0.31112.23
MinimumVisualStudioVersion = 10.0.40219.1
Project("{FAE04EC0-301F-11D3-BF4B-00C04F79EFBC}") = "Presantation", "CoreCRUD\Presantation.csproj", "{34A6F77E-B24D-49AD-AF0C-DA5CA11180B1}"
EndProject
Project("{FAE04EC0-301F-11D3-BF4B-00C04F79EFBC}") = "Data", "Data\Data.csproj", "{6D6293CB-3505-4D48-A5C4-B3E7E33DEF01}"
EndProject
Project("{FAE04EC0-301F-11D3-BF4B-00C04F79EFBC}") = "DataAccess", "DataAccess\DataAccess.csproj", "{C598F62F-13D5-4197-9716-79253AE7FB93}"
EndProject
Global
	GlobalSection(SolutionConfigurationPlatforms) = preSolution
		Debug|Any CPU = Debug|Any CPU
		Release|Any CPU = Release|Any CPU
	EndGlobalSection
	GlobalSection(ProjectConfigurationPlatforms) = postSolution
		{34A6F77E-B24D-49AD-AF0C-DA5CA11180B1}.Debug|Any CPU.ActiveCfg = Debug|Any CPU
		{34A6F77E-B24D-49AD-AF0C-DA5CA11180B1}.Debug|Any CPU.Build.0 = Debug|Any CPU
		{34A6F77E-B24D-49AD-AF0C-DA5CA11180B1}.Release|Any CPU.ActiveCfg = Release|Any CPU
		{34A6F77E-B24D-49AD-AF0C-DA5CA11180B1}.Release|Any CPU.Build.0 = Release|Any CPU
		{6D6293CB-3505-4D48-A5C4-B3E7E33DEF01}.Debug|Any CPU.ActiveCfg = Debug|Any CPU
		{6D6293CB-3505-4D48-A5C4-B3E7E33DEF01}.Debug|Any CPU.Build.0 = Debug|Any CPU
		{6D6293CB-3505-4D48-A5C4-B3E7E33DEF01}.Release|Any CPU.ActiveCfg = Release|Any CPU
		{6D6293CB-3505-4D48-A5C4-B3E7E33DEF01}.Release|Any CPU.Build.0 = Release|Any CPU
		{C598F62F-13D5-4197-9716-79253AE7FB93}.Debug|Any CPU.ActiveCfg = Debug|Any CPU
		{C598F62F-13D5-4197-9716-79253AE7FB93}.Debug|Any CPU.Build.0 = Debug|Any CPU
		{C598F62F-13D5-4197-9716-79253AE7FB93}.Release|Any CPU.ActiveCfg = Release|Any CPU
		{C598F62F-13D5-4197-9716-79253AE7FB93}.Release|Any CPU.Build.0 = Release|Any CPU
	EndGlobalSection
	GlobalSection(SolutionProperties) = preSolution
		HideSolutionNode = FALSE
	EndGlobalSection
	GlobalSection(ExtensibilityGlobals) = postSolution
		SolutionGuid = {743930F4-B6C8-4778-BCAF-8BA8EBF72525}
	EndGlobalSection
EndGlobal
